
Microsoft Visual Studio Solution File, Format Version 12.00
# Visual Studio Version 17
VisualStudioVersion = 17.0.32014.148
MinimumVisualStudioVersion = 10.0.40219.1
Project("{9A19103F-16F7-4668-BE54-9A1E7A4F7556}") = "01. Secret Chat", "01. Secret Chat\01. Secret Chat.csproj", "{CCD0915B-EEDF-4038-8BBC-38E742042D4F}"
EndProject
Project("{9A19103F-16F7-4668-BE54-9A1E7A4F7556}") = "03. Need for Speed III", "03. Need for Speed III\03. Need for Speed III.csproj", "{524EC791-DA67-4A4E-B18C-54257366AE6B}"
EndProject
Project("{FAE04EC0-301F-11D3-BF4B-00C04F79EFBC}") = "02. Mirror Words1", "02. Mirror Words1\02. Mirror Words1.csproj", "{53CC115D-82F8-4B4D-8E43-21AA62ACA7E7}"
EndProject
Global
	GlobalSection(SolutionConfigurationPlatforms) = preSolution
		Debug|Any CPU = Debug|Any CPU
		Release|Any CPU = Release|Any CPU
	EndGlobalSection
	GlobalSection(ProjectConfigurationPlatforms) = postSolution
		{CCD0915B-EEDF-4038-8BBC-38E742042D4F}.Debug|Any CPU.ActiveCfg = Debug|Any CPU
		{CCD0915B-EEDF-4038-8BBC-38E742042D4F}.Debug|Any CPU.Build.0 = Debug|Any CPU
		{CCD0915B-EEDF-4038-8BBC-38E742042D4F}.Release|Any CPU.ActiveCfg = Release|Any CPU
		{CCD0915B-EEDF-4038-8BBC-38E742042D4F}.Release|Any CPU.Build.0 = Release|Any CPU
		{524EC791-DA67-4A4E-B18C-54257366AE6B}.Debug|Any CPU.ActiveCfg = Debug|Any CPU
		{524EC791-DA67-4A4E-B18C-54257366AE6B}.Debug|Any CPU.Build.0 = Debug|Any CPU
		{524EC791-DA67-4A4E-B18C-54257366AE6B}.Release|Any CPU.ActiveCfg = Release|Any CPU
		{524EC791-DA67-4A4E-B18C-54257366AE6B}.Release|Any CPU.Build.0 = Release|Any CPU
		{53CC115D-82F8-4B4D-8E43-21AA62ACA7E7}.Debug|Any CPU.ActiveCfg = Debug|Any CPU
		{53CC115D-82F8-4B4D-8E43-21AA62ACA7E7}.Debug|Any CPU.Build.0 = Debug|Any CPU
		{53CC115D-82F8-4B4D-8E43-21AA62ACA7E7}.Release|Any CPU.ActiveCfg = Release|Any CPU
		{53CC115D-82F8-4B4D-8E43-21AA62ACA7E7}.Release|Any CPU.Build.0 = Release|Any CPU
	EndGlobalSection
	GlobalSection(SolutionProperties) = preSolution
		HideSolutionNode = FALSE
	EndGlobalSection
	GlobalSection(ExtensibilityGlobals) = postSolution
		SolutionGuid = {8064D64C-541A-4F2C-BE0A-8307BDBBFB93}
	EndGlobalSection
EndGlobal
